<?xml version="1.0" encoding="utf-8"?>
<Project ToolsVersion="4.0" xmlns="http://schemas.microsoft.com/developer/msbuild/2003">
  <ItemGroup>
    <ClCompile Include="main.cpp" />
    <ClCompile Include="FileIO.cpp" />
    <ClCompile Include="FileIO_test.cpp" />
    <ClCompile Include="ArgManager.cpp" />
    <ClCompile Include="ArgManager_test.cpp" />
    <ClCompile Include="Ssd.h" />
    <ClCompile Include="SSDReadWriteTest.cpp" />
    <ClCompile Include="$(MSBuildThisFileDirectory)..\..\lib\native\src\gtest\gtest-all.cc" />
    <ClCompile Include="$(MSBuildThisFileDirectory)..\..\lib\native\src\gmock\gmock-all.cc" />
    <ClCompile Include="Ssd.cpp" />
  </ItemGroup>
  <ItemGroup>
    <None Include="packages.config" />
  </ItemGroup>
  <ItemGroup>
    <ClInclude Include="ArgManager.h" />
  </ItemGroup>
  <ItemGroup>
    <ClInclude Include="FileIO.h" />
  </ItemGroup>
</Project>