
Microsoft Visual Studio Solution File, Format Version 12.00
# Visual Studio Version 17
VisualStudioVersion = 17.13.35931.197
MinimumVisualStudioVersion = 10.0.40219.1
Project("{8BC9CEB8-8B4A-11D0-8D11-00A0C91BC942}") = "ssd", "ssd\ssd.vcxproj", "{7A5BF41D-81E9-4E99-8044-DD93FA3CAC3E}"
EndProject
Project("{2150E333-8FDC-42A3-9474-1A3956D46DE8}") = "솔루션 항목", "솔루션 항목", "{2A3A057F-5D22-31FD-628C-DF5EF75AEF1E}"
	ProjectSection(SolutionItems) = preProject
		.editorconfig = .editorconfig
		.gitignore = .gitignore
	EndProjectSection
EndProject
Project("{2150E333-8FDC-42A3-9474-1A3956D46DE8}") = "shell", "shell", "{C8D5274F-AC00-46C7-1F8D-E88E81087A52}"
EndProject
Project("{8BC9CEB8-8B4A-11D0-8D11-00A0C91BC942}") = "testshell-gtest", "testshell-gtest\testshell-gtest.vcxproj", "{580565A9-874C-44EB-B988-6AAD482A9E44}"
	ProjectSection(ProjectDependencies) = postProject
		{F3F8367C-8C29-4A4C-A12C-4450E789A609} = {F3F8367C-8C29-4A4C-A12C-4450E789A609}
	EndProjectSection
EndProject
Project("{8BC9CEB8-8B4A-11D0-8D11-00A0C91BC942}") = "testshell-core", "testshell-core\testshell-core.vcxproj", "{F3F8367C-8C29-4A4C-A12C-4450E789A609}"
EndProject
Project("{8BC9CEB8-8B4A-11D0-8D11-00A0C91BC942}") = "testshell", "testshell\testshell.vcxproj", "{41E67927-77BD-4860-8388-C411452D2DC5}"
	ProjectSection(ProjectDependencies) = postProject
		{F3F8367C-8C29-4A4C-A12C-4450E789A609} = {F3F8367C-8C29-4A4C-A12C-4450E789A609}
	EndProjectSection
EndProject
Global
	GlobalSection(SolutionConfigurationPlatforms) = preSolution
		Debug|x64 = Debug|x64
		Debug|x86 = Debug|x86
		Release|x64 = Release|x64
		Release|x86 = Release|x86
	EndGlobalSection
	GlobalSection(ProjectConfigurationPlatforms) = postSolution
		{7A5BF41D-81E9-4E99-8044-DD93FA3CAC3E}.Debug|x64.ActiveCfg = Debug|x64
		{7A5BF41D-81E9-4E99-8044-DD93FA3CAC3E}.Debug|x64.Build.0 = Debug|x64
		{7A5BF41D-81E9-4E99-8044-DD93FA3CAC3E}.Debug|x86.ActiveCfg = Debug|Win32
		{7A5BF41D-81E9-4E99-8044-DD93FA3CAC3E}.Debug|x86.Build.0 = Debug|Win32
		{7A5BF41D-81E9-4E99-8044-DD93FA3CAC3E}.Release|x64.ActiveCfg = Release|x64
		{7A5BF41D-81E9-4E99-8044-DD93FA3CAC3E}.Release|x64.Build.0 = Release|x64
		{7A5BF41D-81E9-4E99-8044-DD93FA3CAC3E}.Release|x86.ActiveCfg = Release|Win32
		{7A5BF41D-81E9-4E99-8044-DD93FA3CAC3E}.Release|x86.Build.0 = Release|Win32
		{580565A9-874C-44EB-B988-6AAD482A9E44}.Debug|x64.ActiveCfg = Debug|x64
		{580565A9-874C-44EB-B988-6AAD482A9E44}.Debug|x64.Build.0 = Debug|x64
		{580565A9-874C-44EB-B988-6AAD482A9E44}.Debug|x86.ActiveCfg = Debug|Win32
		{580565A9-874C-44EB-B988-6AAD482A9E44}.Debug|x86.Build.0 = Debug|Win32
		{580565A9-874C-44EB-B988-6AAD482A9E44}.Release|x64.ActiveCfg = Release|x64
		{580565A9-874C-44EB-B988-6AAD482A9E44}.Release|x64.Build.0 = Release|x64
		{580565A9-874C-44EB-B988-6AAD482A9E44}.Release|x86.ActiveCfg = Release|Win32
		{580565A9-874C-44EB-B988-6AAD482A9E44}.Release|x86.Build.0 = Release|Win32
		{F3F8367C-8C29-4A4C-A12C-4450E789A609}.Debug|x64.ActiveCfg = Debug|x64
		{F3F8367C-8C29-4A4C-A12C-4450E789A609}.Debug|x64.Build.0 = Debug|x64
		{F3F8367C-8C29-4A4C-A12C-4450E789A609}.Debug|x86.ActiveCfg = Debug|Win32
		{F3F8367C-8C29-4A4C-A12C-4450E789A609}.Debug|x86.Build.0 = Debug|Win32
		{F3F8367C-8C29-4A4C-A12C-4450E789A609}.Release|x64.ActiveCfg = Release|x64
		{F3F8367C-8C29-4A4C-A12C-4450E789A609}.Release|x64.Build.0 = Release|x64
		{F3F8367C-8C29-4A4C-A12C-4450E789A609}.Release|x86.ActiveCfg = Release|Win32
		{F3F8367C-8C29-4A4C-A12C-4450E789A609}.Release|x86.Build.0 = Release|Win32
		{41E67927-77BD-4860-8388-C411452D2DC5}.Debug|x64.ActiveCfg = Debug|x64
		{41E67927-77BD-4860-8388-C411452D2DC5}.Debug|x64.Build.0 = Debug|x64
		{41E67927-77BD-4860-8388-C411452D2DC5}.Debug|x86.ActiveCfg = Debug|Win32
		{41E67927-77BD-4860-8388-C411452D2DC5}.Debug|x86.Build.0 = Debug|Win32
		{41E67927-77BD-4860-8388-C411452D2DC5}.Release|x64.ActiveCfg = Release|x64
		{41E67927-77BD-4860-8388-C411452D2DC5}.Release|x64.Build.0 = Release|x64
		{41E67927-77BD-4860-8388-C411452D2DC5}.Release|x86.ActiveCfg = Release|Win32
		{41E67927-77BD-4860-8388-C411452D2DC5}.Release|x86.Build.0 = Release|Win32
	EndGlobalSection
	GlobalSection(SolutionProperties) = preSolution
		HideSolutionNode = FALSE
	EndGlobalSection
	GlobalSection(NestedProjects) = preSolution
		{580565A9-874C-44EB-B988-6AAD482A9E44} = {C8D5274F-AC00-46C7-1F8D-E88E81087A52}
		{F3F8367C-8C29-4A4C-A12C-4450E789A609} = {C8D5274F-AC00-46C7-1F8D-E88E81087A52}
		{41E67927-77BD-4860-8388-C411452D2DC5} = {C8D5274F-AC00-46C7-1F8D-E88E81087A52}
	EndGlobalSection
	GlobalSection(ExtensibilityGlobals) = postSolution
		SolutionGuid = {815FDFBF-3211-470D-9A04-F640EB4F0E98}
	EndGlobalSection
EndGlobal
