<?xml version="1.0" encoding="utf-8"?>
<Project ToolsVersion="4.0" xmlns="http://schemas.microsoft.com/developer/msbuild/2003">
  <ItemGroup>
    <ClCompile Include="main.cpp" />
    <ClCompile Include="$(MSBuildThisFileDirectory)..\..\lib\native\src\gtest\gtest-all.cc" />
    <ClCompile Include="$(MSBuildThisFileDirectory)..\..\lib\native\src\gmock\gmock-all.cc" />
    <ClCompile Include="ICommand.cpp">
      <Filter>Application\Command</Filter>
    </ClCompile>
    <ClCompile Include="ICommandMapper.cpp">
      <Filter>Application\CommandMapper</Filter>
    </ClCompile>
    <ClCompile Include="IoC.cpp">
      <Filter>Configuration</Filter>
    </ClCompile>
    <ClCompile Include="IView.cpp">
      <Filter>Application\View</Filter>
    </ClCompile>
    <ClCompile Include="SsdControlService.cpp">
      <Filter>Service\SSD</Filter>
    </ClCompile>
    <ClCompile Include="SsdReadResult.cpp">
      <Filter>Service\SSD</Filter>
    </ClCompile>
    <ClCompile Include="TestShellApplication.cpp">
      <Filter>Application</Filter>
    </ClCompile>
    <ClCompile Include="SsdControlServiceTest.cpp">
      <Filter>Service\SSD</Filter>
    </ClCompile>
  </ItemGroup>
  <ItemGroup>
    <ClInclude Include="ICommand.h">
      <Filter>Application\Command</Filter>
    </ClInclude>
    <ClInclude Include="ICommandMapper.h">
      <Filter>Application\CommandMapper</Filter>
    </ClInclude>
    <ClInclude Include="IoC.h">
      <Filter>Configuration</Filter>
    </ClInclude>
    <ClInclude Include="IView.h">
      <Filter>Application\View</Filter>
    </ClInclude>
    <ClInclude Include="SsdReadResult.h">
      <Filter>Service\SSD</Filter>
    </ClInclude>
    <ClInclude Include="TestShellApplication.h">
      <Filter>Application</Filter>
    </ClInclude>
  </ItemGroup>
  <ItemGroup>
    <None Include="packages.config" />
  </ItemGroup>
  <ItemGroup>
    <Filter Include="Application">
      <UniqueIdentifier>{9473193b-f236-4947-8a37-204a41efb24a}</UniqueIdentifier>
    </Filter>
    <Filter Include="Service">
      <UniqueIdentifier>{bd1e2d79-ade9-4cb5-b19e-eb337927bdc7}</UniqueIdentifier>
    </Filter>
    <Filter Include="Application\Command">
      <UniqueIdentifier>{787f988f-03a4-478d-a6d3-c49402e49f38}</UniqueIdentifier>
    </Filter>
    <Filter Include="Application\CommandMapper">
      <UniqueIdentifier>{c98d6bf0-d8c5-42a6-88ee-157c70482d46}</UniqueIdentifier>
    </Filter>
    <Filter Include="Configuration">
      <UniqueIdentifier>{53dabc4f-3fa6-4a51-8c2b-32fa3fbdf76f}</UniqueIdentifier>
    </Filter>
    <Filter Include="Application\View">
      <UniqueIdentifier>{d6831d88-a48d-4c8d-b86e-d04af62f0b70}</UniqueIdentifier>
    </Filter>
    <Filter Include="Service\SSD">
      <UniqueIdentifier>{495f9007-a851-4873-98de-f7c67f733d72}</UniqueIdentifier>
    </Filter>
  </ItemGroup>
</Project>