<?xml version="1.0" encoding="utf-8"?>
<Project ToolsVersion="4.0" xmlns="http://schemas.microsoft.com/developer/msbuild/2003">
  <ItemGroup>
    <ClCompile Include="main.cpp" />
    <ClCompile Include="$(MSBuildThisFileDirectory)..\..\lib\native\src\gtest\gtest-all.cc" />
    <ClCompile Include="$(MSBuildThisFileDirectory)..\..\lib\native\src\gmock\gmock-all.cc" />
    <ClCompile Include="ICommand.cpp">
      <Filter>Application\Command</Filter>
    </ClCompile>
    <ClCompile Include="ICommandMapper.cpp">
      <Filter>Application\CommandMapper</Filter>
    </ClCompile>
    <ClCompile Include="IoC.cpp">
      <Filter>Configuration</Filter>
    </ClCompile>
    <ClCompile Include="IView.cpp">
      <Filter>Application\View</Filter>
    </ClCompile>
    <ClCompile Include="SsdControlService.cpp">
      <Filter>Service\SSD</Filter>
    </ClCompile>
    <ClCompile Include="TestShellApplication.cpp">
      <Filter>Application</Filter>
    </ClCompile>
    <ClCompile Include="TestShellApplicationTest.cpp">
      <Filter>Application</Filter>
    </ClCompile>
    <ClCompile Include="SsdControlServiceTest.cpp">
      <Filter>Service\SSD</Filter>
    </ClCompile>
    <ClCompile Include="HelpCommand.cpp">
      <Filter>Application\Command\Help</Filter>
    </ClCompile>
    <ClCompile Include="HelpCommandMapper.cpp">
      <Filter>Application\CommandMapper\Help</Filter>
    </ClCompile>
    <ClCompile Include="HelpView.cpp">
      <Filter>Application\View\Help</Filter>
    </ClCompile>
    <ClCompile Include="HelpCommandTest.cpp">
      <Filter>Application\Command\Help</Filter>
    </ClCompile>
    <ClCompile Include="HelpCommandMapperTest.cpp">
      <Filter>Application\CommandMapper\Help</Filter>
    </ClCompile>
    <ClCompile Include="WriteCommand.cpp">
      <Filter>Application\Command\Write</Filter>
    </ClCompile>
    <ClCompile Include="WriteCommandTest.cpp">
      <Filter>Application\Command\Write</Filter>
    </ClCompile>
    <ClCompile Include="WriteView.cpp">
      <Filter>Application\View\Write</Filter>
    </ClCompile>
    <ClCompile Include="WriteViewTest.cpp">
      <Filter>Application\View\Write</Filter>
    </ClCompile>
    <ClCompile Include="SsdController.cpp">
      <Filter>Infrastructure\SsdController</Filter>
    </ClCompile>
    <ClCompile Include="ISsdController.cpp">
      <Filter>Infrastructure\SsdController</Filter>
    </ClCompile>
    <ClCompile Include="SsdWriteResult.cpp">
      <Filter>Infrastructure\SsdController\Dto</Filter>
    </ClCompile>
    <ClCompile Include="SsdWriteService.cpp">
      <Filter>Service\SSD</Filter>
    </ClCompile>
    <ClCompile Include="WriteCommandMapper.cpp">
      <Filter>Application\CommandMapper\Write</Filter>
    </ClCompile>
    <ClCompile Include="WriteCommandMapperTest.cpp">
      <Filter>Application\CommandMapper\Write</Filter>
    </ClCompile>
    <ClCompile Include="SsdReadResult.cpp">
      <Filter>Infrastructure\SsdController\Dto</Filter>
    </ClCompile>
    <ClCompile Include="SsdReadService.cpp">
      <Filter>Service\SSD</Filter>
    </ClCompile>
    <ClCompile Include="SsdReadServiceTest.cpp">
      <Filter>Service\SSD</Filter>
    </ClCompile>
    <ClCompile Include="SsdWriteServiceTest.cpp">
      <Filter>Service\SSD</Filter>
    </ClCompile>
    <ClCompile Include="ReadView.cpp">
      <Filter>Application\View\Read</Filter>
    </ClCompile>
    <ClCompile Include="ReadViewTest.cpp">
      <Filter>Application\View\Read</Filter>
    </ClCompile>
  </ItemGroup>
  <ItemGroup>
    <ClInclude Include="ICommand.h">
      <Filter>Application\Command</Filter>
    </ClInclude>
    <ClInclude Include="ICommandMapper.h">
      <Filter>Application\CommandMapper</Filter>
    </ClInclude>
    <ClInclude Include="IoC.h">
      <Filter>Configuration</Filter>
    </ClInclude>
    <ClInclude Include="IView.h">
      <Filter>Application\View</Filter>
    </ClInclude>
    <ClInclude Include="TestShellApplication.h">
      <Filter>Application</Filter>
    </ClInclude>
    <ClInclude Include="HelpCommand.h">
      <Filter>Application\Command\Help</Filter>
    </ClInclude>
    <ClInclude Include="HelpCommandMapper.h">
      <Filter>Application\CommandMapper\Help</Filter>
    </ClInclude>
    <ClInclude Include="HelpView.h">
      <Filter>Application\View\Help</Filter>
    </ClInclude>
    <ClInclude Include="WriteCommand.h">
      <Filter>Application\Command\Write</Filter>
    </ClInclude>
    <ClInclude Include="WriteView.h">
      <Filter>Application\View\Write</Filter>
    </ClInclude>
    <ClInclude Include="SsdController.h">
      <Filter>Infrastructure\SsdController</Filter>
    </ClInclude>
    <ClInclude Include="ISsdController.h">
      <Filter>Infrastructure\SsdController</Filter>
    </ClInclude>
    <ClInclude Include="SsdWriteResult.h">
      <Filter>Infrastructure\SsdController\Dto</Filter>
    </ClInclude>
    <ClInclude Include="SsdWriteService.h">
      <Filter>Service\SSD</Filter>
    </ClInclude>
    <ClInclude Include="WriteCommandMapper.h">
      <Filter>Application\CommandMapper\Write</Filter>
    </ClInclude>
    <ClInclude Include="SsdReadResult.h">
      <Filter>Infrastructure\SsdController\Dto</Filter>
    </ClInclude>
    <ClInclude Include="SsdReadService.h">
      <Filter>Service\SSD</Filter>
    </ClInclude>
    <ClInclude Include="MockSsdControler.h">
      <Filter>Service\SSD</Filter>
    </ClInclude>
    <ClInclude Include="ReadView.h">
      <Filter>Application\View\Read</Filter>
    </ClInclude>
  </ItemGroup>
  <ItemGroup>
    <None Include="packages.config" />
  </ItemGroup>
  <ItemGroup>
    <Filter Include="Application">
      <UniqueIdentifier>{9473193b-f236-4947-8a37-204a41efb24a}</UniqueIdentifier>
    </Filter>
    <Filter Include="Service">
      <UniqueIdentifier>{bd1e2d79-ade9-4cb5-b19e-eb337927bdc7}</UniqueIdentifier>
    </Filter>
    <Filter Include="Application\Command">
      <UniqueIdentifier>{787f988f-03a4-478d-a6d3-c49402e49f38}</UniqueIdentifier>
    </Filter>
    <Filter Include="Application\CommandMapper">
      <UniqueIdentifier>{c98d6bf0-d8c5-42a6-88ee-157c70482d46}</UniqueIdentifier>
    </Filter>
    <Filter Include="Configuration">
      <UniqueIdentifier>{53dabc4f-3fa6-4a51-8c2b-32fa3fbdf76f}</UniqueIdentifier>
    </Filter>
    <Filter Include="Application\View">
      <UniqueIdentifier>{d6831d88-a48d-4c8d-b86e-d04af62f0b70}</UniqueIdentifier>
    </Filter>
    <Filter Include="Service\SSD">
      <UniqueIdentifier>{495f9007-a851-4873-98de-f7c67f733d72}</UniqueIdentifier>
    </Filter>
    <Filter Include="Application\Command\Help">
      <UniqueIdentifier>{c8890e62-892d-4915-9c78-c3c6afeed3d2}</UniqueIdentifier>
    </Filter>
    <Filter Include="Application\CommandMapper\Help">
      <UniqueIdentifier>{50c7cba4-776b-4b75-a8bb-5255e7d36e31}</UniqueIdentifier>
    </Filter>
    <Filter Include="Application\View\Help">
      <UniqueIdentifier>{c0bd0b98-c5c0-4d12-8a14-d1d37b71c39c}</UniqueIdentifier>
    </Filter>
    <Filter Include="Infrastructure">
      <UniqueIdentifier>{886f21ed-3535-45d3-a666-6657045526f7}</UniqueIdentifier>
    </Filter>
    <Filter Include="Infrastructure\SsdController">
      <UniqueIdentifier>{ef041df9-d3c7-49db-a5a1-c078b77140c0}</UniqueIdentifier>
    </Filter>
    <Filter Include="Application\Command\Write">
      <UniqueIdentifier>{ad50d6b5-2b15-46c5-abc5-11844baab29c}</UniqueIdentifier>
    </Filter>
    <Filter Include="Application\View\Write">
      <UniqueIdentifier>{31140def-d3e5-44d1-a942-690c7a4c8816}</UniqueIdentifier>
    </Filter>
    <Filter Include="Infrastructure\SsdController\Dto">
      <UniqueIdentifier>{abcb840f-22b6-4ba3-83e5-448c55fd288c}</UniqueIdentifier>
    </Filter>
    <Filter Include="Application\CommandMapper\Write">
      <UniqueIdentifier>{3e24ae52-f1d2-41ef-9cec-f1aeb4bde9b6}</UniqueIdentifier>
    </Filter>
    <Filter Include="Application\View\Read">
      <UniqueIdentifier>{5ad30ef8-f6ac-4c27-b25e-effa6bca8fdb}</UniqueIdentifier>
    </Filter>
  </ItemGroup>
</Project>